<?xml version="1.0" encoding="utf-8"?>
<Project ToolsVersion="4.0" xmlns="http://schemas.microsoft.com/developer/msbuild/2003">
  <ItemGroup>
    <Filter Include="Source Files">
      <UniqueIdentifier>{4FC737F1-C7A5-4376-A066-2A32D752A2FF}</UniqueIdentifier>
      <Extensions>cpp;c;cc;cxx;def;odl;idl;hpj;bat;asm;asmx</Extensions>
    </Filter>
    <Filter Include="Resource Files">
      <UniqueIdentifier>{67DA6AB6-F800-4c08-8B7A-83BB121AAD01}</UniqueIdentifier>
      <Extensions>rc;ico;cur;bmp;dlg;rc2;rct;bin;rgs;gif;jpg;jpeg;jpe;resx;tiff;tif;png;wav;mfcribbon-ms</Extensions>
    </Filter>
    <Filter Include="Source Files\Main">
      <UniqueIdentifier>{39c47126-07a2-4e03-8418-c3f4e734dd79}</UniqueIdentifier>
    </Filter>
  </ItemGroup>
  <ItemGroup>
    <ClInclude Include="framework.h">
      <Filter>Source Files</Filter>
    </ClInclude>
    <ClInclude Include="targetver.h">
      <Filter>Source Files</Filter>
    </ClInclude>
    <ClInclude Include="pch.h">
      <Filter>Source Files</Filter>
    </ClInclude>
    <ClInclude Include="Resources\Resource.h">
      <Filter>Resource Files</Filter>
    </ClInclude>
    <ClInclude Include="Sources\DlgNpcTalk.h">
      <Filter>Source Files\Main</Filter>
    </ClInclude>
    <ClInclude Include="Sources\DlgQuest.h">
      <Filter>Source Files\Main</Filter>
    </ClInclude>
    <ClInclude Include="Sources\FindItem.h">
      <Filter>Source Files\Main</Filter>
    </ClInclude>
    <ClInclude Include="Sources\HaveItemDialog.h">
      <Filter>Source Files\Main</Filter>
    </ClInclude>
    <ClInclude Include="Sources\LearnSkillDialog.h">
      <Filter>Source Files\Main</Filter>
    </ClInclude>
    <ClInclude Include="Sources\NpcAction.h">
      <Filter>Source Files\Main</Filter>
    </ClInclude>
    <ClInclude Include="Sources\NpcActionAnswer.h">
      <Filter>Source Files\Main</Filter>
    </ClInclude>
    <ClInclude Include="Sources\NpcActionCondition.h">
      <Filter>Source Files\Main</Filter>
    </ClInclude>
    <ClInclude Include="Sources\NpcActionDlg.h">
      <Filter>Source Files\Main</Filter>
    </ClInclude>
    <ClInclude Include="Sources\NpcActionPage.h">
      <Filter>Source Files\Main</Filter>
    </ClInclude>
    <ClInclude Include="Sources\NpcActionTable.h">
      <Filter>Source Files\Main</Filter>
    </ClInclude>
    <ClInclude Include="Sources\SheetWithTab.h">
      <Filter>Source Files\Main</Filter>
    </ClInclude>
    <ClInclude Include="Sources\SimpleEdit.h">
      <Filter>Source Files\Main</Filter>
    </ClInclude>
    <ClInclude Include="Sources\TalkPage.h">
      <Filter>Source Files\Main</Filter>
    </ClInclude>
  </ItemGroup>
  <ItemGroup>
    <ClCompile Include="pch.cpp">
      <Filter>Source Files</Filter>
    </ClCompile>
    <ClCompile Include="Sources\DlgNpcTalk.cpp">
      <Filter>Source Files\Main</Filter>
    </ClCompile>
    <ClCompile Include="Sources\DlgQuest.cpp">
      <Filter>Source Files\Main</Filter>
    </ClCompile>
    <ClCompile Include="Sources\ExceptionAttacher.cpp">
      <Filter>Source Files\Main</Filter>
    </ClCompile>
    <ClCompile Include="Sources\FindItem.cpp">
      <Filter>Source Files\Main</Filter>
    </ClCompile>
    <ClCompile Include="Sources\HaveItemDialog.cpp">
      <Filter>Source Files\Main</Filter>
    </ClCompile>
    <ClCompile Include="Sources\LearnSkillDialog.cpp">
      <Filter>Source Files\Main</Filter>
    </ClCompile>
    <ClCompile Include="Sources\NpcAction.cpp">
      <Filter>Source Files\Main</Filter>
    </ClCompile>
    <ClCompile Include="Sources\NpcActionAnswer.cpp">
      <Filter>Source Files\Main</Filter>
    </ClCompile>
    <ClCompile Include="Sources\NpcActionCondition.cpp">
      <Filter>Source Files\Main</Filter>
    </ClCompile>
    <ClCompile Include="Sources\NpcActionDlg.cpp">
      <Filter>Source Files\Main</Filter>
    </ClCompile>
    <ClCompile Include="Sources\NpcActionPage.cpp">
      <Filter>Source Files\Main</Filter>
    </ClCompile>
    <ClCompile Include="Sources\NpcActionPageEx.cpp">
      <Filter>Source Files\Main</Filter>
    </ClCompile>
    <ClCompile Include="Sources\NpcActionTable.cpp">
      <Filter>Source Files\Main</Filter>
    </ClCompile>
    <ClCompile Include="Sources\SheetWithTab.cpp">
      <Filter>Source Files\Main</Filter>
    </ClCompile>
    <ClCompile Include="Sources\SimpleEdit.cpp">
      <Filter>Source Files\Main</Filter>
    </ClCompile>
    <ClCompile Include="Sources\TalkPage.cpp">
      <Filter>Source Files\Main</Filter>
    </ClCompile>
  </ItemGroup>
  <ItemGroup>
    <Image Include="Resources\[Tool]__NPCActionEditor.ico">
      <Filter>Resource Files</Filter>
    </Image>
    <Image Include="Resources\toolbar2.bmp">
      <Filter>Resource Files</Filter>
    </Image>
  </ItemGroup>
  <ItemGroup>
    <Manifest Include="Resources\[Tool]__NPCActionEditor.manifest">
      <Filter>Resource Files</Filter>
    </Manifest>
  </ItemGroup>
  <ItemGroup>
    <ResourceCompile Include="Resources\[Tool]__NPCActionEditor.rc">
      <Filter>Resource Files</Filter>
    </ResourceCompile>
  </ItemGroup>
  <ItemGroup>
    <None Include="Resources\[Tool]__NPCActionEditor.rc2">
      <Filter>Resource Files</Filter>
    </None>
  </ItemGroup>
</Project>