<?xml version="1.0" encoding="utf-8"?>
<Project ToolsVersion="4.0" xmlns="http://schemas.microsoft.com/developer/msbuild/2003">
  <ItemGroup>
    <Filter Include="Source Files">
      <UniqueIdentifier>{4FC737F1-C7A5-4376-A066-2A32D752A2FF}</UniqueIdentifier>
      <Extensions>cpp;c;cc;cxx;def;odl;idl;hpj;bat;asm;asmx</Extensions>
    </Filter>
    <Filter Include="Resource Files">
      <UniqueIdentifier>{67DA6AB6-F800-4c08-8B7A-83BB121AAD01}</UniqueIdentifier>
      <Extensions>rc;ico;cur;bmp;dlg;rc2;rct;bin;rgs;gif;jpg;jpeg;jpe;resx;tiff;tif;png;wav;mfcribbon-ms</Extensions>
    </Filter>
    <Filter Include="Source Files\Main">
      <UniqueIdentifier>{340891c9-ab10-4ef9-8fa2-d1d19deb6b60}</UniqueIdentifier>
    </Filter>
  </ItemGroup>
  <ItemGroup>
    <ClInclude Include="targetver.h">
      <Filter>Source Files</Filter>
    </ClInclude>
    <ClInclude Include="pch.h">
      <Filter>Source Files</Filter>
    </ClInclude>
    <ClInclude Include="framework.h">
      <Filter>Source Files</Filter>
    </ClInclude>
    <ClInclude Include="Resources\resource.h">
      <Filter>Resource Files</Filter>
    </ClInclude>
    <ClInclude Include="Sources\CrowTree.h">
      <Filter>Source Files\Main</Filter>
    </ClInclude>
    <ClInclude Include="Sources\DlgLevelEdit.h">
      <Filter>Source Files\Main</Filter>
    </ClInclude>
    <ClInclude Include="Sources\DlgQuest.h">
      <Filter>Source Files\Main</Filter>
    </ClInclude>
    <ClInclude Include="Sources\EtcFuncPage.h">
      <Filter>Source Files\Main</Filter>
    </ClInclude>
    <ClInclude Include="Sources\GateListPage.h">
      <Filter>Source Files\Main</Filter>
    </ClInclude>
    <ClInclude Include="Sources\ItemTreePage.h">
      <Filter>Source Files\Main</Filter>
    </ClInclude>
    <ClInclude Include="Sources\LandMarkPage.h">
      <Filter>Source Files\Main</Filter>
    </ClInclude>
    <ClInclude Include="Sources\LevelEditor.h">
      <Filter>Source Files\Main</Filter>
    </ClInclude>
    <ClInclude Include="Sources\LevelEditorDoc.h">
      <Filter>Source Files\Main</Filter>
    </ClInclude>
    <ClInclude Include="Sources\LevelEditorView.h">
      <Filter>Source Files\Main</Filter>
    </ClInclude>
    <ClInclude Include="Sources\LevelLandGatePage.h">
      <Filter>Source Files\Main</Filter>
    </ClInclude>
    <ClInclude Include="Sources\LevelMainPage.h">
      <Filter>Source Files\Main</Filter>
    </ClInclude>
    <ClInclude Include="Sources\LevelSingleEffect.h">
      <Filter>Source Files\Main</Filter>
    </ClInclude>
    <ClInclude Include="Sources\MainFrm.h">
      <Filter>Source Files\Main</Filter>
    </ClInclude>
    <ClInclude Include="Sources\MobSchedulePage.h">
      <Filter>Source Files\Main</Filter>
    </ClInclude>
    <ClInclude Include="Sources\MobSetPage.h">
      <Filter>Source Files\Main</Filter>
    </ClInclude>
    <ClInclude Include="Sources\RequirePage.h">
      <Filter>Source Files\Main</Filter>
    </ClInclude>
    <ClInclude Include="Sources\SheetWithTab.h">
      <Filter>Source Files\Main</Filter>
    </ClInclude>
    <ClInclude Include="Sources\SkillTreePage.h">
      <Filter>Source Files\Main</Filter>
    </ClInclude>
    <ClInclude Include="Sources\ToolBarEx.h">
      <Filter>Source Files\Main</Filter>
    </ClInclude>
  </ItemGroup>
  <ItemGroup>
    <ClCompile Include="pch.cpp">
      <Filter>Source Files</Filter>
    </ClCompile>
    <ClCompile Include="Sources\CrowTree.cpp">
      <Filter>Source Files\Main</Filter>
    </ClCompile>
    <ClCompile Include="Sources\DlgLevelEdit.cpp">
      <Filter>Source Files\Main</Filter>
    </ClCompile>
    <ClCompile Include="Sources\DlgQuest.cpp">
      <Filter>Source Files\Main</Filter>
    </ClCompile>
    <ClCompile Include="Sources\EtcFuncPage.cpp">
      <Filter>Source Files\Main</Filter>
    </ClCompile>
    <ClCompile Include="Sources\ExceptionAttacher.cpp">
      <Filter>Source Files\Main</Filter>
    </ClCompile>
    <ClCompile Include="Sources\GateListPage.cpp">
      <Filter>Source Files\Main</Filter>
    </ClCompile>
    <ClCompile Include="Sources\ItemTreePage.cpp">
      <Filter>Source Files\Main</Filter>
    </ClCompile>
    <ClCompile Include="Sources\LandMarkPage.cpp">
      <Filter>Source Files\Main</Filter>
    </ClCompile>
    <ClCompile Include="Sources\LevelEditor.cpp">
      <Filter>Source Files\Main</Filter>
    </ClCompile>
    <ClCompile Include="Sources\LevelEditorDoc.cpp">
      <Filter>Source Files\Main</Filter>
    </ClCompile>
    <ClCompile Include="Sources\LevelEditorView.cpp">
      <Filter>Source Files\Main</Filter>
    </ClCompile>
    <ClCompile Include="Sources\LevelEditorViewD3d.cpp">
      <Filter>Source Files\Main</Filter>
    </ClCompile>
    <ClCompile Include="Sources\LevelLandGatePage.cpp">
      <Filter>Source Files\Main</Filter>
    </ClCompile>
    <ClCompile Include="Sources\LevelMainPage.cpp">
      <Filter>Source Files\Main</Filter>
    </ClCompile>
    <ClCompile Include="Sources\LevelSingleEffect.cpp">
      <Filter>Source Files\Main</Filter>
    </ClCompile>
    <ClCompile Include="Sources\MainFrm.cpp">
      <Filter>Source Files\Main</Filter>
    </ClCompile>
    <ClCompile Include="Sources\MobSchedulePage.cpp">
      <Filter>Source Files\Main</Filter>
    </ClCompile>
    <ClCompile Include="Sources\MobSetPage.cpp">
      <Filter>Source Files\Main</Filter>
    </ClCompile>
    <ClCompile Include="Sources\RequirePage.cpp">
      <Filter>Source Files\Main</Filter>
    </ClCompile>
    <ClCompile Include="Sources\SheetWithTab.cpp">
      <Filter>Source Files\Main</Filter>
    </ClCompile>
    <ClCompile Include="Sources\SkillTreePage.cpp">
      <Filter>Source Files\Main</Filter>
    </ClCompile>
    <ClCompile Include="Sources\ToolBarEx.cpp">
      <Filter>Source Files\Main</Filter>
    </ClCompile>
  </ItemGroup>
  <ItemGroup>
    <Image Include="Resources\[Tool]__LevelEditor.ico">
      <Filter>Resource Files</Filter>
    </Image>
    <Image Include="Resources\LevelEditorDoc.ico">
      <Filter>Resource Files</Filter>
    </Image>
    <Image Include="Resources\Toolbar.bmp">
      <Filter>Resource Files</Filter>
    </Image>
  </ItemGroup>
  <ItemGroup>
    <ResourceCompile Include="Resources\[Tool]__LevelEditor.rc">
      <Filter>Resource Files</Filter>
    </ResourceCompile>
  </ItemGroup>
  <ItemGroup>
    <None Include="Resources\[Tool]__LevelEditor.rc2">
      <Filter>Resource Files</Filter>
    </None>
  </ItemGroup>
</Project>