
Microsoft Visual Studio Solution File, Format Version 12.00
# Visual Studio Version 16
VisualStudioVersion = 16.0.28803.156
MinimumVisualStudioVersion = 10.0.40219.1
Project("{2150E333-8FDC-42A3-9474-1A3956D46DE8}") = "Clients", "Clients", "{B0DB58A0-C489-4D31-9F16-2E059711A071}"
EndProject
Project("{2150E333-8FDC-42A3-9474-1A3956D46DE8}") = "Libraries", "Libraries", "{CC89D850-DAC9-4005-85BB-6B414136B97D}"
EndProject
Project("{2150E333-8FDC-42A3-9474-1A3956D46DE8}") = "Tools", "Tools", "{5005EB72-EA02-4E7A-9FC9-0C2DB33D30E0}"
EndProject
Project("{8BC9CEB8-8B4A-11D0-8D11-00A0C91BC942}") = "[Client]__BugTrap", "[Client]__BugTrap\[Client]__BugTrap.vcxproj", "{A50A8D67-547A-4479-B35E-B06ED398A7E8}"
EndProject
Project("{8BC9CEB8-8B4A-11D0-8D11-00A0C91BC942}") = "[Lib]__ZLib", "[Lib]__ZLib\[Lib]__ZLib.vcxproj", "{BE29FBDC-5BEE-4100-B9E7-A4ADE3C69880}"
EndProject
Project("{8BC9CEB8-8B4A-11D0-8D11-00A0C91BC942}") = "[Lib]__Engine", "[Lib]__Engine\[Lib]__Engine.vcxproj", "{1F650903-75F6-43BB-93AD-7A67B2488B01}"
EndProject
Project("{8BC9CEB8-8B4A-11D0-8D11-00A0C91BC942}") = "[Lib]__EngineSound", "[Lib]__EngineSound\[Lib]__EngineSound.vcxproj", "{B3DF4013-A7D8-4002-A529-723D1F917CA8}"
EndProject
Project("{8BC9CEB8-8B4A-11D0-8D11-00A0C91BC942}") = "[Lib]__EngineUI", "[Lib]__EngineUI\[Lib]__EngineUI.vcxproj", "{D54A7A50-1C22-4199-925F-FE7A09EA1A5A}"
EndProject
Project("{8BC9CEB8-8B4A-11D0-8D11-00A0C91BC942}") = "[Lib]__MfcEx", "[Lib]__MfcEx\[Lib]__MfcEx.vcxproj", "{46D6A409-7896-4686-86C8-5BBC3518D882}"
EndProject
Project("{8BC9CEB8-8B4A-11D0-8D11-00A0C91BC942}") = "[Lib]__NetClient", "[Lib]__NetClient\[Lib]__NetClient.vcxproj", "{8567CA38-8687-4691-9DCF-ACCD061DF35A}"
EndProject
Project("{8BC9CEB8-8B4A-11D0-8D11-00A0C91BC942}") = "[Lib]__NetServer", "[Lib]__NetServer\[Lib]__NetServer.vcxproj", "{523C5638-06A5-4A16-A05E-60A47A0F7CF9}"
EndProject
Project("{8BC9CEB8-8B4A-11D0-8D11-00A0C91BC942}") = "[Lib]__RanClient", "[Lib]__RanClient\[Lib]__RanClient.vcxproj", "{B70C5838-7961-45A0-91D0-4DFDD99B114D}"
EndProject
Project("{8BC9CEB8-8B4A-11D0-8D11-00A0C91BC942}") = "[Lib]__RanClientUI", "[Lib]__RanClientUI\[Lib]__RanClientUI.vcxproj", "{D5BAD558-A7BC-48E4-98DB-BF56188E04C7}"
EndProject
Project("{8BC9CEB8-8B4A-11D0-8D11-00A0C91BC942}") = "[Tool]__Emulator", "[Tool]__Emulator\[Tool]__Emulator.vcxproj", "{8F42C267-1E00-4462-B032-887105C85148}"
EndProject
Project("{8BC9CEB8-8B4A-11D0-8D11-00A0C91BC942}") = "[Client]__Game", "[Client]__Game\[Client]__Game.vcxproj", "{F6634E62-8E6E-44CA-8290-0F367EF4EF99}"
EndProject
Project("{8BC9CEB8-8B4A-11D0-8D11-00A0C91BC942}") = "[Tool]__ScriptEditor", "[Tool]__ScriptEditor\[Tool]__ScriptEditor.vcxproj", "{41D73EAA-3AF8-4902-A0ED-CAE8DDA1E71A}"
EndProject
Project("{2150E333-8FDC-42A3-9474-1A3956D46DE8}") = "Servers", "Servers", "{471D669B-B24B-4BEF-A0E8-E83F46FA6915}"
EndProject
Project("{8BC9CEB8-8B4A-11D0-8D11-00A0C91BC942}") = "[Server]__Session", "[Server]__Session\[Server]__Session.vcxproj", "{927DDA5E-DFAA-44FB-9357-2D91507262EE}"
EndProject
Project("{8BC9CEB8-8B4A-11D0-8D11-00A0C91BC942}") = "[Server]__Login", "[Server]__Login\[Server]__Login.vcxproj", "{F4D7FC7D-D0CE-47BE-9622-06C53A6187D2}"
EndProject
Project("{8BC9CEB8-8B4A-11D0-8D11-00A0C91BC942}") = "[Server]__Agent", "[Server]__Agent\[Server]__Agent.vcxproj", "{748976D8-2733-45B6-B1A8-FDD3A56C31FC}"
EndProject
Project("{8BC9CEB8-8B4A-11D0-8D11-00A0C91BC942}") = "[Server]__Field", "[Server]__Field\[Server]__Field.vcxproj", "{8907F02A-A766-4C0F-AB9E-585192AA4AA9}"
EndProject
Project("{8BC9CEB8-8B4A-11D0-8D11-00A0C91BC942}") = "[Tool]__ItemEditor", "[Tool]__ItemEditor\[Tool]__ItemEditor.vcxproj", "{74F04D71-6A18-4D49-A5A3-CDC6854E30A5}"
EndProject
Project("{8BC9CEB8-8B4A-11D0-8D11-00A0C91BC942}") = "[Tool]__MobEditor", "[Tool]__MobEditor\[Tool]__MobEditor.vcxproj", "{1301EB19-20FC-4040-A1BD-DCB612F2E7F8}"
EndProject
Project("{8BC9CEB8-8B4A-11D0-8D11-00A0C91BC942}") = "[Tool]__NPCActionEditor", "[Tool]__NPCActionEditor\[Tool]__NPCActionEditor.vcxproj", "{79B727A1-3EC4-46B9-B2ED-3739B6B843A6}"
EndProject
Project("{8BC9CEB8-8B4A-11D0-8D11-00A0C91BC942}") = "[Tool]__QuestEditor", "[Tool]__QuestEditor\[Tool]__QuestEditor.vcxproj", "{8E680B64-AE8F-47B2-812E-55CAC35EBDF6}"
EndProject
Project("{8BC9CEB8-8B4A-11D0-8D11-00A0C91BC942}") = "[Tool]__SkillEditor", "[Tool]__SkillEditor\[Tool]__SkillEditor.vcxproj", "{6AC08F12-789E-4C53-AFE6-A4F4ED48711D}"
EndProject
Project("{2150E333-8FDC-42A3-9474-1A3956D46DE8}") = "Internal", "Internal", "{344259B3-E1DC-4856-8062-F9191B859F01}"
EndProject
Project("{2150E333-8FDC-42A3-9474-1A3956D46DE8}") = "External", "External", "{BF0AFE9E-E3D9-46AC-8618-D6CBD2DB107B}"
EndProject
Project("{8BC9CEB8-8B4A-11D0-8D11-00A0C91BC942}") = "[Tool]__LevelEditor", "[Tool]__LevelEditor\[Tool]__LevelEditor.vcxproj", "{608AB3EC-B356-40DA-A99B-66098B0DC4D7}"
EndProject
Project("{2150E333-8FDC-42A3-9474-1A3956D46DE8}") = "YXPHStudios", "YXPHStudios", "{D3C3618F-FB90-4F61-992E-9CC437690263}"
EndProject
Project("{FAE04EC0-301F-11D3-BF4B-00C04F79EFBC}") = "YXLauncher", "YXLauncher\YXLauncher.csproj", "{CBBE2EB6-A781-4DB9-A348-E8B4DB0A0CEB}"
EndProject
Global
	GlobalSection(SolutionConfigurationPlatforms) = preSolution
		Debug|Any CPU = Debug|Any CPU
		Debug|Win32 = Debug|Win32
		Release_RZ|Any CPU = Release_RZ|Any CPU
		Release_RZ|Win32 = Release_RZ|Win32
		Release|Any CPU = Release|Any CPU
		Release|Win32 = Release|Win32
	EndGlobalSection
	GlobalSection(ProjectConfigurationPlatforms) = postSolution
		{A50A8D67-547A-4479-B35E-B06ED398A7E8}.Debug|Any CPU.ActiveCfg = Debug|Win32
		{A50A8D67-547A-4479-B35E-B06ED398A7E8}.Debug|Win32.ActiveCfg = Debug|Win32
		{A50A8D67-547A-4479-B35E-B06ED398A7E8}.Debug|Win32.Build.0 = Debug|Win32
		{A50A8D67-547A-4479-B35E-B06ED398A7E8}.Release_RZ|Any CPU.ActiveCfg = Release_RZ|Win32
		{A50A8D67-547A-4479-B35E-B06ED398A7E8}.Release_RZ|Win32.ActiveCfg = Release_RZ|Win32
		{A50A8D67-547A-4479-B35E-B06ED398A7E8}.Release_RZ|Win32.Build.0 = Release_RZ|Win32
		{A50A8D67-547A-4479-B35E-B06ED398A7E8}.Release|Any CPU.ActiveCfg = Release|Win32
		{A50A8D67-547A-4479-B35E-B06ED398A7E8}.Release|Win32.ActiveCfg = Release|Win32
		{A50A8D67-547A-4479-B35E-B06ED398A7E8}.Release|Win32.Build.0 = Release|Win32
		{BE29FBDC-5BEE-4100-B9E7-A4ADE3C69880}.Debug|Any CPU.ActiveCfg = Debug|Win32
		{BE29FBDC-5BEE-4100-B9E7-A4ADE3C69880}.Debug|Win32.ActiveCfg = Debug|Win32
		{BE29FBDC-5BEE-4100-B9E7-A4ADE3C69880}.Debug|Win32.Build.0 = Debug|Win32
		{BE29FBDC-5BEE-4100-B9E7-A4ADE3C69880}.Release_RZ|Any CPU.ActiveCfg = Release_RZ|Win32
		{BE29FBDC-5BEE-4100-B9E7-A4ADE3C69880}.Release_RZ|Win32.ActiveCfg = Release_RZ|Win32
		{BE29FBDC-5BEE-4100-B9E7-A4ADE3C69880}.Release_RZ|Win32.Build.0 = Release_RZ|Win32
		{BE29FBDC-5BEE-4100-B9E7-A4ADE3C69880}.Release|Any CPU.ActiveCfg = Release|Win32
		{BE29FBDC-5BEE-4100-B9E7-A4ADE3C69880}.Release|Win32.ActiveCfg = Release|Win32
		{BE29FBDC-5BEE-4100-B9E7-A4ADE3C69880}.Release|Win32.Build.0 = Release|Win32
		{1F650903-75F6-43BB-93AD-7A67B2488B01}.Debug|Any CPU.ActiveCfg = Debug|Win32
		{1F650903-75F6-43BB-93AD-7A67B2488B01}.Debug|Win32.ActiveCfg = Debug|Win32
		{1F650903-75F6-43BB-93AD-7A67B2488B01}.Debug|Win32.Build.0 = Debug|Win32
		{1F650903-75F6-43BB-93AD-7A67B2488B01}.Release_RZ|Any CPU.ActiveCfg = Release_RZ|Win32
		{1F650903-75F6-43BB-93AD-7A67B2488B01}.Release_RZ|Win32.ActiveCfg = Release_RZ|Win32
		{1F650903-75F6-43BB-93AD-7A67B2488B01}.Release_RZ|Win32.Build.0 = Release_RZ|Win32
		{1F650903-75F6-43BB-93AD-7A67B2488B01}.Release|Any CPU.ActiveCfg = Release|Win32
		{1F650903-75F6-43BB-93AD-7A67B2488B01}.Release|Win32.ActiveCfg = Release|Win32
		{1F650903-75F6-43BB-93AD-7A67B2488B01}.Release|Win32.Build.0 = Release|Win32
		{B3DF4013-A7D8-4002-A529-723D1F917CA8}.Debug|Any CPU.ActiveCfg = Debug|Win32
		{B3DF4013-A7D8-4002-A529-723D1F917CA8}.Debug|Win32.ActiveCfg = Debug|Win32
		{B3DF4013-A7D8-4002-A529-723D1F917CA8}.Debug|Win32.Build.0 = Debug|Win32
		{B3DF4013-A7D8-4002-A529-723D1F917CA8}.Release_RZ|Any CPU.ActiveCfg = Release_RZ|Win32
		{B3DF4013-A7D8-4002-A529-723D1F917CA8}.Release_RZ|Win32.ActiveCfg = Release_RZ|Win32
		{B3DF4013-A7D8-4002-A529-723D1F917CA8}.Release_RZ|Win32.Build.0 = Release_RZ|Win32
		{B3DF4013-A7D8-4002-A529-723D1F917CA8}.Release|Any CPU.ActiveCfg = Release|Win32
		{B3DF4013-A7D8-4002-A529-723D1F917CA8}.Release|Win32.ActiveCfg = Release|Win32
		{B3DF4013-A7D8-4002-A529-723D1F917CA8}.Release|Win32.Build.0 = Release|Win32
		{D54A7A50-1C22-4199-925F-FE7A09EA1A5A}.Debug|Any CPU.ActiveCfg = Debug|Win32
		{D54A7A50-1C22-4199-925F-FE7A09EA1A5A}.Debug|Win32.ActiveCfg = Debug|Win32
		{D54A7A50-1C22-4199-925F-FE7A09EA1A5A}.Debug|Win32.Build.0 = Debug|Win32
		{D54A7A50-1C22-4199-925F-FE7A09EA1A5A}.Release_RZ|Any CPU.ActiveCfg = Release_RZ|Win32
		{D54A7A50-1C22-4199-925F-FE7A09EA1A5A}.Release_RZ|Win32.ActiveCfg = Release_RZ|Win32
		{D54A7A50-1C22-4199-925F-FE7A09EA1A5A}.Release_RZ|Win32.Build.0 = Release_RZ|Win32
		{D54A7A50-1C22-4199-925F-FE7A09EA1A5A}.Release|Any CPU.ActiveCfg = Release|Win32
		{D54A7A50-1C22-4199-925F-FE7A09EA1A5A}.Release|Win32.ActiveCfg = Release|Win32
		{D54A7A50-1C22-4199-925F-FE7A09EA1A5A}.Release|Win32.Build.0 = Release|Win32
		{46D6A409-7896-4686-86C8-5BBC3518D882}.Debug|Any CPU.ActiveCfg = Debug|Win32
		{46D6A409-7896-4686-86C8-5BBC3518D882}.Debug|Win32.ActiveCfg = Debug|Win32
		{46D6A409-7896-4686-86C8-5BBC3518D882}.Debug|Win32.Build.0 = Debug|Win32
		{46D6A409-7896-4686-86C8-5BBC3518D882}.Release_RZ|Any CPU.ActiveCfg = Release_RZ|Win32
		{46D6A409-7896-4686-86C8-5BBC3518D882}.Release_RZ|Win32.ActiveCfg = Release_RZ|Win32
		{46D6A409-7896-4686-86C8-5BBC3518D882}.Release_RZ|Win32.Build.0 = Release_RZ|Win32
		{46D6A409-7896-4686-86C8-5BBC3518D882}.Release|Any CPU.ActiveCfg = Release|Win32
		{46D6A409-7896-4686-86C8-5BBC3518D882}.Release|Win32.ActiveCfg = Release|Win32
		{46D6A409-7896-4686-86C8-5BBC3518D882}.Release|Win32.Build.0 = Release|Win32
		{8567CA38-8687-4691-9DCF-ACCD061DF35A}.Debug|Any CPU.ActiveCfg = Debug|Win32
		{8567CA38-8687-4691-9DCF-ACCD061DF35A}.Debug|Win32.ActiveCfg = Debug|Win32
		{8567CA38-8687-4691-9DCF-ACCD061DF35A}.Debug|Win32.Build.0 = Debug|Win32
		{8567CA38-8687-4691-9DCF-ACCD061DF35A}.Release_RZ|Any CPU.ActiveCfg = Release_RZ|Win32
		{8567CA38-8687-4691-9DCF-ACCD061DF35A}.Release_RZ|Win32.ActiveCfg = Release_RZ|Win32
		{8567CA38-8687-4691-9DCF-ACCD061DF35A}.Release_RZ|Win32.Build.0 = Release_RZ|Win32
		{8567CA38-8687-4691-9DCF-ACCD061DF35A}.Release|Any CPU.ActiveCfg = Release|Win32
		{8567CA38-8687-4691-9DCF-ACCD061DF35A}.Release|Win32.ActiveCfg = Release|Win32
		{8567CA38-8687-4691-9DCF-ACCD061DF35A}.Release|Win32.Build.0 = Release|Win32
		{523C5638-06A5-4A16-A05E-60A47A0F7CF9}.Debug|Any CPU.ActiveCfg = Debug|Win32
		{523C5638-06A5-4A16-A05E-60A47A0F7CF9}.Debug|Win32.ActiveCfg = Debug|Win32
		{523C5638-06A5-4A16-A05E-60A47A0F7CF9}.Debug|Win32.Build.0 = Debug|Win32
		{523C5638-06A5-4A16-A05E-60A47A0F7CF9}.Release_RZ|Any CPU.ActiveCfg = Release_RZ|Win32
		{523C5638-06A5-4A16-A05E-60A47A0F7CF9}.Release_RZ|Win32.ActiveCfg = Release_RZ|Win32
		{523C5638-06A5-4A16-A05E-60A47A0F7CF9}.Release_RZ|Win32.Build.0 = Release_RZ|Win32
		{523C5638-06A5-4A16-A05E-60A47A0F7CF9}.Release|Any CPU.ActiveCfg = Release|Win32
		{523C5638-06A5-4A16-A05E-60A47A0F7CF9}.Release|Win32.ActiveCfg = Release|Win32
		{523C5638-06A5-4A16-A05E-60A47A0F7CF9}.Release|Win32.Build.0 = Release|Win32
		{B70C5838-7961-45A0-91D0-4DFDD99B114D}.Debug|Any CPU.ActiveCfg = Debug|Win32
		{B70C5838-7961-45A0-91D0-4DFDD99B114D}.Debug|Win32.ActiveCfg = Debug|Win32
		{B70C5838-7961-45A0-91D0-4DFDD99B114D}.Debug|Win32.Build.0 = Debug|Win32
		{B70C5838-7961-45A0-91D0-4DFDD99B114D}.Release_RZ|Any CPU.ActiveCfg = Release_RZ|Win32
		{B70C5838-7961-45A0-91D0-4DFDD99B114D}.Release_RZ|Win32.ActiveCfg = Release_RZ|Win32
		{B70C5838-7961-45A0-91D0-4DFDD99B114D}.Release_RZ|Win32.Build.0 = Release_RZ|Win32
		{B70C5838-7961-45A0-91D0-4DFDD99B114D}.Release|Any CPU.ActiveCfg = Release|Win32
		{B70C5838-7961-45A0-91D0-4DFDD99B114D}.Release|Win32.ActiveCfg = Release|Win32
		{B70C5838-7961-45A0-91D0-4DFDD99B114D}.Release|Win32.Build.0 = Release|Win32
		{D5BAD558-A7BC-48E4-98DB-BF56188E04C7}.Debug|Any CPU.ActiveCfg = Debug|Win32
		{D5BAD558-A7BC-48E4-98DB-BF56188E04C7}.Debug|Win32.ActiveCfg = Debug|Win32
		{D5BAD558-A7BC-48E4-98DB-BF56188E04C7}.Debug|Win32.Build.0 = Debug|Win32
		{D5BAD558-A7BC-48E4-98DB-BF56188E04C7}.Release_RZ|Any CPU.ActiveCfg = Release_RZ|Win32
		{D5BAD558-A7BC-48E4-98DB-BF56188E04C7}.Release_RZ|Win32.ActiveCfg = Release_RZ|Win32
		{D5BAD558-A7BC-48E4-98DB-BF56188E04C7}.Release_RZ|Win32.Build.0 = Release_RZ|Win32
		{D5BAD558-A7BC-48E4-98DB-BF56188E04C7}.Release|Any CPU.ActiveCfg = Release|Win32
		{D5BAD558-A7BC-48E4-98DB-BF56188E04C7}.Release|Win32.ActiveCfg = Release|Win32
		{D5BAD558-A7BC-48E4-98DB-BF56188E04C7}.Release|Win32.Build.0 = Release|Win32
		{8F42C267-1E00-4462-B032-887105C85148}.Debug|Any CPU.ActiveCfg = Debug|Win32
		{8F42C267-1E00-4462-B032-887105C85148}.Debug|Win32.ActiveCfg = Debug|Win32
		{8F42C267-1E00-4462-B032-887105C85148}.Debug|Win32.Build.0 = Debug|Win32
		{8F42C267-1E00-4462-B032-887105C85148}.Release_RZ|Any CPU.ActiveCfg = Release_RZ|Win32
		{8F42C267-1E00-4462-B032-887105C85148}.Release_RZ|Win32.ActiveCfg = Release_RZ|Win32
		{8F42C267-1E00-4462-B032-887105C85148}.Release_RZ|Win32.Build.0 = Release_RZ|Win32
		{8F42C267-1E00-4462-B032-887105C85148}.Release|Any CPU.ActiveCfg = Release|Win32
		{8F42C267-1E00-4462-B032-887105C85148}.Release|Win32.ActiveCfg = Release|Win32
		{8F42C267-1E00-4462-B032-887105C85148}.Release|Win32.Build.0 = Release|Win32
		{F6634E62-8E6E-44CA-8290-0F367EF4EF99}.Debug|Any CPU.ActiveCfg = Debug|Win32
		{F6634E62-8E6E-44CA-8290-0F367EF4EF99}.Debug|Win32.ActiveCfg = Debug|Win32
		{F6634E62-8E6E-44CA-8290-0F367EF4EF99}.Debug|Win32.Build.0 = Debug|Win32
		{F6634E62-8E6E-44CA-8290-0F367EF4EF99}.Release_RZ|Any CPU.ActiveCfg = Release_RZ|Win32
		{F6634E62-8E6E-44CA-8290-0F367EF4EF99}.Release_RZ|Win32.ActiveCfg = Release_RZ|Win32
		{F6634E62-8E6E-44CA-8290-0F367EF4EF99}.Release_RZ|Win32.Build.0 = Release_RZ|Win32
		{F6634E62-8E6E-44CA-8290-0F367EF4EF99}.Release|Any CPU.ActiveCfg = Release|Win32
		{F6634E62-8E6E-44CA-8290-0F367EF4EF99}.Release|Win32.ActiveCfg = Release|Win32
		{F6634E62-8E6E-44CA-8290-0F367EF4EF99}.Release|Win32.Build.0 = Release|Win32
		{41D73EAA-3AF8-4902-A0ED-CAE8DDA1E71A}.Debug|Any CPU.ActiveCfg = Debug|Win32
		{41D73EAA-3AF8-4902-A0ED-CAE8DDA1E71A}.Debug|Win32.ActiveCfg = Debug|Win32
		{41D73EAA-3AF8-4902-A0ED-CAE8DDA1E71A}.Debug|Win32.Build.0 = Debug|Win32
		{41D73EAA-3AF8-4902-A0ED-CAE8DDA1E71A}.Release_RZ|Any CPU.ActiveCfg = Release_RZ|Win32
		{41D73EAA-3AF8-4902-A0ED-CAE8DDA1E71A}.Release_RZ|Win32.ActiveCfg = Release_RZ|Win32
		{41D73EAA-3AF8-4902-A0ED-CAE8DDA1E71A}.Release_RZ|Win32.Build.0 = Release_RZ|Win32
		{41D73EAA-3AF8-4902-A0ED-CAE8DDA1E71A}.Release|Any CPU.ActiveCfg = Release|Win32
		{41D73EAA-3AF8-4902-A0ED-CAE8DDA1E71A}.Release|Win32.ActiveCfg = Release|Win32
		{41D73EAA-3AF8-4902-A0ED-CAE8DDA1E71A}.Release|Win32.Build.0 = Release|Win32
		{927DDA5E-DFAA-44FB-9357-2D91507262EE}.Debug|Any CPU.ActiveCfg = Debug|Win32
		{927DDA5E-DFAA-44FB-9357-2D91507262EE}.Debug|Win32.ActiveCfg = Debug|Win32
		{927DDA5E-DFAA-44FB-9357-2D91507262EE}.Debug|Win32.Build.0 = Debug|Win32
		{927DDA5E-DFAA-44FB-9357-2D91507262EE}.Release_RZ|Any CPU.ActiveCfg = Release_RZ|Win32
		{927DDA5E-DFAA-44FB-9357-2D91507262EE}.Release_RZ|Win32.ActiveCfg = Release_RZ|Win32
		{927DDA5E-DFAA-44FB-9357-2D91507262EE}.Release_RZ|Win32.Build.0 = Release_RZ|Win32
		{927DDA5E-DFAA-44FB-9357-2D91507262EE}.Release|Any CPU.ActiveCfg = Release|Win32
		{927DDA5E-DFAA-44FB-9357-2D91507262EE}.Release|Win32.ActiveCfg = Release|Win32
		{927DDA5E-DFAA-44FB-9357-2D91507262EE}.Release|Win32.Build.0 = Release|Win32
		{F4D7FC7D-D0CE-47BE-9622-06C53A6187D2}.Debug|Any CPU.ActiveCfg = Debug|Win32
		{F4D7FC7D-D0CE-47BE-9622-06C53A6187D2}.Debug|Win32.ActiveCfg = Debug|Win32
		{F4D7FC7D-D0CE-47BE-9622-06C53A6187D2}.Debug|Win32.Build.0 = Debug|Win32
		{F4D7FC7D-D0CE-47BE-9622-06C53A6187D2}.Release_RZ|Any CPU.ActiveCfg = Release_RZ|Win32
		{F4D7FC7D-D0CE-47BE-9622-06C53A6187D2}.Release_RZ|Win32.ActiveCfg = Release_RZ|Win32
		{F4D7FC7D-D0CE-47BE-9622-06C53A6187D2}.Release_RZ|Win32.Build.0 = Release_RZ|Win32
		{F4D7FC7D-D0CE-47BE-9622-06C53A6187D2}.Release|Any CPU.ActiveCfg = Release|Win32
		{F4D7FC7D-D0CE-47BE-9622-06C53A6187D2}.Release|Win32.ActiveCfg = Release|Win32
		{F4D7FC7D-D0CE-47BE-9622-06C53A6187D2}.Release|Win32.Build.0 = Release|Win32
		{748976D8-2733-45B6-B1A8-FDD3A56C31FC}.Debug|Any CPU.ActiveCfg = Debug|Win32
		{748976D8-2733-45B6-B1A8-FDD3A56C31FC}.Debug|Win32.ActiveCfg = Debug|Win32
		{748976D8-2733-45B6-B1A8-FDD3A56C31FC}.Debug|Win32.Build.0 = Debug|Win32
		{748976D8-2733-45B6-B1A8-FDD3A56C31FC}.Release_RZ|Any CPU.ActiveCfg = Release_RZ|Win32
		{748976D8-2733-45B6-B1A8-FDD3A56C31FC}.Release_RZ|Win32.ActiveCfg = Release_RZ|Win32
		{748976D8-2733-45B6-B1A8-FDD3A56C31FC}.Release_RZ|Win32.Build.0 = Release_RZ|Win32
		{748976D8-2733-45B6-B1A8-FDD3A56C31FC}.Release|Any CPU.ActiveCfg = Release|Win32
		{748976D8-2733-45B6-B1A8-FDD3A56C31FC}.Release|Win32.ActiveCfg = Release|Win32
		{748976D8-2733-45B6-B1A8-FDD3A56C31FC}.Release|Win32.Build.0 = Release|Win32
		{8907F02A-A766-4C0F-AB9E-585192AA4AA9}.Debug|Any CPU.ActiveCfg = Debug|Win32
		{8907F02A-A766-4C0F-AB9E-585192AA4AA9}.Debug|Win32.ActiveCfg = Debug|Win32
		{8907F02A-A766-4C0F-AB9E-585192AA4AA9}.Debug|Win32.Build.0 = Debug|Win32
		{8907F02A-A766-4C0F-AB9E-585192AA4AA9}.Release_RZ|Any CPU.ActiveCfg = Release_RZ|Win32
		{8907F02A-A766-4C0F-AB9E-585192AA4AA9}.Release_RZ|Win32.ActiveCfg = Release_RZ|Win32
		{8907F02A-A766-4C0F-AB9E-585192AA4AA9}.Release_RZ|Win32.Build.0 = Release_RZ|Win32
		{8907F02A-A766-4C0F-AB9E-585192AA4AA9}.Release|Any CPU.ActiveCfg = Release|Win32
		{8907F02A-A766-4C0F-AB9E-585192AA4AA9}.Release|Win32.ActiveCfg = Release|Win32
		{8907F02A-A766-4C0F-AB9E-585192AA4AA9}.Release|Win32.Build.0 = Release|Win32
		{74F04D71-6A18-4D49-A5A3-CDC6854E30A5}.Debug|Any CPU.ActiveCfg = Debug|Win32
		{74F04D71-6A18-4D49-A5A3-CDC6854E30A5}.Debug|Win32.ActiveCfg = Debug|Win32
		{74F04D71-6A18-4D49-A5A3-CDC6854E30A5}.Debug|Win32.Build.0 = Debug|Win32
		{74F04D71-6A18-4D49-A5A3-CDC6854E30A5}.Release_RZ|Any CPU.ActiveCfg = Release_RZ|Win32
		{74F04D71-6A18-4D49-A5A3-CDC6854E30A5}.Release_RZ|Win32.ActiveCfg = Release_RZ|Win32
		{74F04D71-6A18-4D49-A5A3-CDC6854E30A5}.Release_RZ|Win32.Build.0 = Release_RZ|Win32
		{74F04D71-6A18-4D49-A5A3-CDC6854E30A5}.Release|Any CPU.ActiveCfg = Release|Win32
		{74F04D71-6A18-4D49-A5A3-CDC6854E30A5}.Release|Win32.ActiveCfg = Release|Win32
		{74F04D71-6A18-4D49-A5A3-CDC6854E30A5}.Release|Win32.Build.0 = Release|Win32
		{1301EB19-20FC-4040-A1BD-DCB612F2E7F8}.Debug|Any CPU.ActiveCfg = Debug|Win32
		{1301EB19-20FC-4040-A1BD-DCB612F2E7F8}.Debug|Win32.ActiveCfg = Debug|Win32
		{1301EB19-20FC-4040-A1BD-DCB612F2E7F8}.Debug|Win32.Build.0 = Debug|Win32
		{1301EB19-20FC-4040-A1BD-DCB612F2E7F8}.Release_RZ|Any CPU.ActiveCfg = Release_RZ|Win32
		{1301EB19-20FC-4040-A1BD-DCB612F2E7F8}.Release_RZ|Win32.ActiveCfg = Release_RZ|Win32
		{1301EB19-20FC-4040-A1BD-DCB612F2E7F8}.Release_RZ|Win32.Build.0 = Release_RZ|Win32
		{1301EB19-20FC-4040-A1BD-DCB612F2E7F8}.Release|Any CPU.ActiveCfg = Release|Win32
		{1301EB19-20FC-4040-A1BD-DCB612F2E7F8}.Release|Win32.ActiveCfg = Release|Win32
		{1301EB19-20FC-4040-A1BD-DCB612F2E7F8}.Release|Win32.Build.0 = Release|Win32
		{79B727A1-3EC4-46B9-B2ED-3739B6B843A6}.Debug|Any CPU.ActiveCfg = Debug|Win32
		{79B727A1-3EC4-46B9-B2ED-3739B6B843A6}.Debug|Win32.ActiveCfg = Debug|Win32
		{79B727A1-3EC4-46B9-B2ED-3739B6B843A6}.Debug|Win32.Build.0 = Debug|Win32
		{79B727A1-3EC4-46B9-B2ED-3739B6B843A6}.Release_RZ|Any CPU.ActiveCfg = Release_RZ|Win32
		{79B727A1-3EC4-46B9-B2ED-3739B6B843A6}.Release_RZ|Win32.ActiveCfg = Release_RZ|Win32
		{79B727A1-3EC4-46B9-B2ED-3739B6B843A6}.Release_RZ|Win32.Build.0 = Release_RZ|Win32
		{79B727A1-3EC4-46B9-B2ED-3739B6B843A6}.Release|Any CPU.ActiveCfg = Release|Win32
		{79B727A1-3EC4-46B9-B2ED-3739B6B843A6}.Release|Win32.ActiveCfg = Release|Win32
		{79B727A1-3EC4-46B9-B2ED-3739B6B843A6}.Release|Win32.Build.0 = Release|Win32
		{8E680B64-AE8F-47B2-812E-55CAC35EBDF6}.Debug|Any CPU.ActiveCfg = Debug|Win32
		{8E680B64-AE8F-47B2-812E-55CAC35EBDF6}.Debug|Win32.ActiveCfg = Debug|Win32
		{8E680B64-AE8F-47B2-812E-55CAC35EBDF6}.Debug|Win32.Build.0 = Debug|Win32
		{8E680B64-AE8F-47B2-812E-55CAC35EBDF6}.Release_RZ|Any CPU.ActiveCfg = Release_RZ|Win32
		{8E680B64-AE8F-47B2-812E-55CAC35EBDF6}.Release_RZ|Win32.ActiveCfg = Release_RZ|Win32
		{8E680B64-AE8F-47B2-812E-55CAC35EBDF6}.Release_RZ|Win32.Build.0 = Release_RZ|Win32
		{8E680B64-AE8F-47B2-812E-55CAC35EBDF6}.Release|Any CPU.ActiveCfg = Release|Win32
		{8E680B64-AE8F-47B2-812E-55CAC35EBDF6}.Release|Win32.ActiveCfg = Release|Win32
		{8E680B64-AE8F-47B2-812E-55CAC35EBDF6}.Release|Win32.Build.0 = Release|Win32
		{6AC08F12-789E-4C53-AFE6-A4F4ED48711D}.Debug|Any CPU.ActiveCfg = Debug|Win32
		{6AC08F12-789E-4C53-AFE6-A4F4ED48711D}.Debug|Win32.ActiveCfg = Debug|Win32
		{6AC08F12-789E-4C53-AFE6-A4F4ED48711D}.Debug|Win32.Build.0 = Debug|Win32
		{6AC08F12-789E-4C53-AFE6-A4F4ED48711D}.Release_RZ|Any CPU.ActiveCfg = Release_RZ|Win32
		{6AC08F12-789E-4C53-AFE6-A4F4ED48711D}.Release_RZ|Win32.ActiveCfg = Release_RZ|Win32
		{6AC08F12-789E-4C53-AFE6-A4F4ED48711D}.Release_RZ|Win32.Build.0 = Release_RZ|Win32
		{6AC08F12-789E-4C53-AFE6-A4F4ED48711D}.Release|Any CPU.ActiveCfg = Release|Win32
		{6AC08F12-789E-4C53-AFE6-A4F4ED48711D}.Release|Win32.ActiveCfg = Release|Win32
		{6AC08F12-789E-4C53-AFE6-A4F4ED48711D}.Release|Win32.Build.0 = Release|Win32
		{608AB3EC-B356-40DA-A99B-66098B0DC4D7}.Debug|Any CPU.ActiveCfg = Debug|Win32
		{608AB3EC-B356-40DA-A99B-66098B0DC4D7}.Debug|Win32.ActiveCfg = Debug|Win32
		{608AB3EC-B356-40DA-A99B-66098B0DC4D7}.Debug|Win32.Build.0 = Debug|Win32
		{608AB3EC-B356-40DA-A99B-66098B0DC4D7}.Release_RZ|Any CPU.ActiveCfg = Release_RZ|Win32
		{608AB3EC-B356-40DA-A99B-66098B0DC4D7}.Release_RZ|Win32.ActiveCfg = Release_RZ|Win32
		{608AB3EC-B356-40DA-A99B-66098B0DC4D7}.Release_RZ|Win32.Build.0 = Release_RZ|Win32
		{608AB3EC-B356-40DA-A99B-66098B0DC4D7}.Release|Any CPU.ActiveCfg = Release|Win32
		{608AB3EC-B356-40DA-A99B-66098B0DC4D7}.Release|Win32.ActiveCfg = Release|Win32
		{608AB3EC-B356-40DA-A99B-66098B0DC4D7}.Release|Win32.Build.0 = Release|Win32
		{CBBE2EB6-A781-4DB9-A348-E8B4DB0A0CEB}.Debug|Any CPU.ActiveCfg = Debug|Any CPU
		{CBBE2EB6-A781-4DB9-A348-E8B4DB0A0CEB}.Debug|Any CPU.Build.0 = Debug|Any CPU
		{CBBE2EB6-A781-4DB9-A348-E8B4DB0A0CEB}.Debug|Win32.ActiveCfg = Debug|Any CPU
		{CBBE2EB6-A781-4DB9-A348-E8B4DB0A0CEB}.Debug|Win32.Build.0 = Debug|Any CPU
		{CBBE2EB6-A781-4DB9-A348-E8B4DB0A0CEB}.Release_RZ|Any CPU.ActiveCfg = Release|Any CPU
		{CBBE2EB6-A781-4DB9-A348-E8B4DB0A0CEB}.Release_RZ|Any CPU.Build.0 = Release|Any CPU
		{CBBE2EB6-A781-4DB9-A348-E8B4DB0A0CEB}.Release_RZ|Win32.ActiveCfg = Release|Any CPU
		{CBBE2EB6-A781-4DB9-A348-E8B4DB0A0CEB}.Release_RZ|Win32.Build.0 = Release|Any CPU
		{CBBE2EB6-A781-4DB9-A348-E8B4DB0A0CEB}.Release|Any CPU.ActiveCfg = Release|Any CPU
		{CBBE2EB6-A781-4DB9-A348-E8B4DB0A0CEB}.Release|Any CPU.Build.0 = Release|Any CPU
		{CBBE2EB6-A781-4DB9-A348-E8B4DB0A0CEB}.Release|Win32.ActiveCfg = Release|Any CPU
		{CBBE2EB6-A781-4DB9-A348-E8B4DB0A0CEB}.Release|Win32.Build.0 = Release|Any CPU
	EndGlobalSection
	GlobalSection(SolutionProperties) = preSolution
		HideSolutionNode = FALSE
	EndGlobalSection
	GlobalSection(NestedProjects) = preSolution
		{A50A8D67-547A-4479-B35E-B06ED398A7E8} = {B0DB58A0-C489-4D31-9F16-2E059711A071}
		{BE29FBDC-5BEE-4100-B9E7-A4ADE3C69880} = {BF0AFE9E-E3D9-46AC-8618-D6CBD2DB107B}
		{1F650903-75F6-43BB-93AD-7A67B2488B01} = {344259B3-E1DC-4856-8062-F9191B859F01}
		{B3DF4013-A7D8-4002-A529-723D1F917CA8} = {344259B3-E1DC-4856-8062-F9191B859F01}
		{D54A7A50-1C22-4199-925F-FE7A09EA1A5A} = {344259B3-E1DC-4856-8062-F9191B859F01}
		{46D6A409-7896-4686-86C8-5BBC3518D882} = {344259B3-E1DC-4856-8062-F9191B859F01}
		{8567CA38-8687-4691-9DCF-ACCD061DF35A} = {344259B3-E1DC-4856-8062-F9191B859F01}
		{523C5638-06A5-4A16-A05E-60A47A0F7CF9} = {344259B3-E1DC-4856-8062-F9191B859F01}
		{B70C5838-7961-45A0-91D0-4DFDD99B114D} = {344259B3-E1DC-4856-8062-F9191B859F01}
		{D5BAD558-A7BC-48E4-98DB-BF56188E04C7} = {344259B3-E1DC-4856-8062-F9191B859F01}
		{8F42C267-1E00-4462-B032-887105C85148} = {5005EB72-EA02-4E7A-9FC9-0C2DB33D30E0}
		{F6634E62-8E6E-44CA-8290-0F367EF4EF99} = {B0DB58A0-C489-4D31-9F16-2E059711A071}
		{41D73EAA-3AF8-4902-A0ED-CAE8DDA1E71A} = {5005EB72-EA02-4E7A-9FC9-0C2DB33D30E0}
		{927DDA5E-DFAA-44FB-9357-2D91507262EE} = {471D669B-B24B-4BEF-A0E8-E83F46FA6915}
		{F4D7FC7D-D0CE-47BE-9622-06C53A6187D2} = {471D669B-B24B-4BEF-A0E8-E83F46FA6915}
		{748976D8-2733-45B6-B1A8-FDD3A56C31FC} = {471D669B-B24B-4BEF-A0E8-E83F46FA6915}
		{8907F02A-A766-4C0F-AB9E-585192AA4AA9} = {471D669B-B24B-4BEF-A0E8-E83F46FA6915}
		{74F04D71-6A18-4D49-A5A3-CDC6854E30A5} = {5005EB72-EA02-4E7A-9FC9-0C2DB33D30E0}
		{1301EB19-20FC-4040-A1BD-DCB612F2E7F8} = {5005EB72-EA02-4E7A-9FC9-0C2DB33D30E0}
		{79B727A1-3EC4-46B9-B2ED-3739B6B843A6} = {5005EB72-EA02-4E7A-9FC9-0C2DB33D30E0}
		{8E680B64-AE8F-47B2-812E-55CAC35EBDF6} = {5005EB72-EA02-4E7A-9FC9-0C2DB33D30E0}
		{6AC08F12-789E-4C53-AFE6-A4F4ED48711D} = {5005EB72-EA02-4E7A-9FC9-0C2DB33D30E0}
		{344259B3-E1DC-4856-8062-F9191B859F01} = {CC89D850-DAC9-4005-85BB-6B414136B97D}
		{BF0AFE9E-E3D9-46AC-8618-D6CBD2DB107B} = {CC89D850-DAC9-4005-85BB-6B414136B97D}
		{608AB3EC-B356-40DA-A99B-66098B0DC4D7} = {5005EB72-EA02-4E7A-9FC9-0C2DB33D30E0}
		{CBBE2EB6-A781-4DB9-A348-E8B4DB0A0CEB} = {D3C3618F-FB90-4F61-992E-9CC437690263}
	EndGlobalSection
	GlobalSection(ExtensibilityGlobals) = postSolution
		SolutionGuid = {5F664383-2C91-495A-AD7B-B331CCBD739A}
	EndGlobalSection
EndGlobal
