<?xml version="1.0" encoding="utf-8"?>
<Project ToolsVersion="4.0" xmlns="http://schemas.microsoft.com/developer/msbuild/2003">
  <ItemGroup>
    <Filter Include="Source Files">
      <UniqueIdentifier>{4FC737F1-C7A5-4376-A066-2A32D752A2FF}</UniqueIdentifier>
      <Extensions>cpp;c;cc;cxx;def;odl;idl;hpj;bat;asm;asmx</Extensions>
    </Filter>
    <Filter Include="Resource Files">
      <UniqueIdentifier>{67DA6AB6-F800-4c08-8B7A-83BB121AAD01}</UniqueIdentifier>
      <Extensions>rc;ico;cur;bmp;dlg;rc2;rct;bin;rgs;gif;jpg;jpeg;jpe;resx;tiff;tif;png;wav;mfcribbon-ms</Extensions>
    </Filter>
    <Filter Include="Source Files\Main">
      <UniqueIdentifier>{4f1f81df-a39e-4fde-9665-867d53f73eb9}</UniqueIdentifier>
    </Filter>
  </ItemGroup>
  <ItemGroup>
    <ClInclude Include="targetver.h">
      <Filter>Source Files</Filter>
    </ClInclude>
    <ClInclude Include="framework.h">
      <Filter>Source Files</Filter>
    </ClInclude>
    <ClInclude Include="pch.h">
      <Filter>Source Files</Filter>
    </ClInclude>
    <ClInclude Include="Resources\resource.h">
      <Filter>Resource Files</Filter>
    </ClInclude>
    <ClInclude Include="Sources\aboutbox.h">
      <Filter>Source Files\Main</Filter>
    </ClInclude>
    <ClInclude Include="Sources\ipframe.h">
      <Filter>Source Files\Main</Filter>
    </ClInclude>
    <ClInclude Include="Sources\linkitem.h">
      <Filter>Source Files\Main</Filter>
    </ClInclude>
    <ClInclude Include="Sources\mainfrm.h">
      <Filter>Source Files\Main</Filter>
    </ClInclude>
    <ClInclude Include="Sources\paddoc.h">
      <Filter>Source Files\Main</Filter>
    </ClInclude>
    <ClInclude Include="Sources\padframe.h">
      <Filter>Source Files\Main</Filter>
    </ClInclude>
    <ClInclude Include="Sources\paditem.h">
      <Filter>Source Files\Main</Filter>
    </ClInclude>
    <ClInclude Include="Sources\padview.h">
      <Filter>Source Files\Main</Filter>
    </ClInclude>
    <ClInclude Include="Sources\pageset.h">
      <Filter>Source Files\Main</Filter>
    </ClInclude>
    <ClInclude Include="Sources\superpad.h">
      <Filter>Source Files\Main</Filter>
    </ClInclude>
    <ClInclude Include="Sources\tabstop.h">
      <Filter>Source Files\Main</Filter>
    </ClInclude>
  </ItemGroup>
  <ItemGroup>
    <ClCompile Include="pch.cpp">
      <Filter>Source Files</Filter>
    </ClCompile>
    <ClCompile Include="Sources\aboutbox.cpp">
      <Filter>Source Files\Main</Filter>
    </ClCompile>
    <ClCompile Include="Sources\ipframe.cpp">
      <Filter>Source Files\Main</Filter>
    </ClCompile>
    <ClCompile Include="Sources\linkitem.cpp">
      <Filter>Source Files\Main</Filter>
    </ClCompile>
    <ClCompile Include="Sources\mainfrm.cpp">
      <Filter>Source Files\Main</Filter>
    </ClCompile>
    <ClCompile Include="Sources\paddoc.cpp">
      <Filter>Source Files\Main</Filter>
    </ClCompile>
    <ClCompile Include="Sources\padframe.cpp">
      <Filter>Source Files\Main</Filter>
    </ClCompile>
    <ClCompile Include="Sources\paditem.cpp">
      <Filter>Source Files\Main</Filter>
    </ClCompile>
    <ClCompile Include="Sources\padview.cpp">
      <Filter>Source Files\Main</Filter>
    </ClCompile>
    <ClCompile Include="Sources\pageset.cpp">
      <Filter>Source Files\Main</Filter>
    </ClCompile>
    <ClCompile Include="Sources\superpad.cpp">
      <Filter>Source Files\Main</Filter>
    </ClCompile>
    <ClCompile Include="Sources\tabstop.cpp">
      <Filter>Source Files\Main</Filter>
    </ClCompile>
  </ItemGroup>
  <ItemGroup>
    <Image Include="Resources\[Tool]__ScriptEditor.ico">
      <Filter>Resource Files</Filter>
    </Image>
    <Image Include="Resources\Itoolbar.bmp">
      <Filter>Resource Files</Filter>
    </Image>
    <Image Include="Resources\small.ico">
      <Filter>Resource Files</Filter>
    </Image>
    <Image Include="Resources\Toolbar.bmp">
      <Filter>Resource Files</Filter>
    </Image>
  </ItemGroup>
  <ItemGroup>
    <ResourceCompile Include="Resources\[Tool]__ScriptEditor.rc">
      <Filter>Resource Files</Filter>
    </ResourceCompile>
  </ItemGroup>
</Project>