<?xml version="1.0" encoding="utf-8"?>
<Project ToolsVersion="4.0" xmlns="http://schemas.microsoft.com/developer/msbuild/2003">
  <ItemGroup>
    <Filter Include="Source Files">
      <UniqueIdentifier>{4FC737F1-C7A5-4376-A066-2A32D752A2FF}</UniqueIdentifier>
      <Extensions>cpp;c;cc;cxx;def;odl;idl;hpj;bat;asm;asmx</Extensions>
    </Filter>
  </ItemGroup>
  <ItemGroup>
    <ClCompile Include="Sources\adler32.c">
      <Filter>Source Files</Filter>
    </ClCompile>
    <ClCompile Include="Sources\compress.c">
      <Filter>Source Files</Filter>
    </ClCompile>
    <ClCompile Include="Sources\crc32.c">
      <Filter>Source Files</Filter>
    </ClCompile>
    <ClCompile Include="Sources\deflate.c">
      <Filter>Source Files</Filter>
    </ClCompile>
    <ClCompile Include="Sources\gzio.c">
      <Filter>Source Files</Filter>
    </ClCompile>
    <ClCompile Include="Sources\infback.c">
      <Filter>Source Files</Filter>
    </ClCompile>
    <ClCompile Include="Sources\inffast.c">
      <Filter>Source Files</Filter>
    </ClCompile>
    <ClCompile Include="Sources\inflate.c">
      <Filter>Source Files</Filter>
    </ClCompile>
    <ClCompile Include="Sources\inftrees.c">
      <Filter>Source Files</Filter>
    </ClCompile>
    <ClCompile Include="Sources\ioapi.c">
      <Filter>Source Files</Filter>
    </ClCompile>
    <ClCompile Include="Sources\iowin32.c">
      <Filter>Source Files</Filter>
    </ClCompile>
    <ClCompile Include="Sources\mztools.c">
      <Filter>Source Files</Filter>
    </ClCompile>
    <ClCompile Include="Sources\trees.c">
      <Filter>Source Files</Filter>
    </ClCompile>
    <ClCompile Include="Sources\uncompr.c">
      <Filter>Source Files</Filter>
    </ClCompile>
    <ClCompile Include="Sources\unzip.c">
      <Filter>Source Files</Filter>
    </ClCompile>
    <ClCompile Include="Sources\zip.c">
      <Filter>Source Files</Filter>
    </ClCompile>
    <ClCompile Include="Sources\zutil.c">
      <Filter>Source Files</Filter>
    </ClCompile>
  </ItemGroup>
  <ItemGroup>
    <ClInclude Include="Sources\crc32.h">
      <Filter>Source Files</Filter>
    </ClInclude>
    <ClInclude Include="Sources\crypt.h">
      <Filter>Source Files</Filter>
    </ClInclude>
    <ClInclude Include="Sources\deflate.h">
      <Filter>Source Files</Filter>
    </ClInclude>
    <ClInclude Include="Sources\inffast.h">
      <Filter>Source Files</Filter>
    </ClInclude>
    <ClInclude Include="Sources\inffixed.h">
      <Filter>Source Files</Filter>
    </ClInclude>
    <ClInclude Include="Sources\inflate.h">
      <Filter>Source Files</Filter>
    </ClInclude>
    <ClInclude Include="Sources\inftrees.h">
      <Filter>Source Files</Filter>
    </ClInclude>
    <ClInclude Include="Sources\ioapi.h">
      <Filter>Source Files</Filter>
    </ClInclude>
    <ClInclude Include="Sources\iowin32.h">
      <Filter>Source Files</Filter>
    </ClInclude>
    <ClInclude Include="Sources\mztools.h">
      <Filter>Source Files</Filter>
    </ClInclude>
    <ClInclude Include="Sources\trees.h">
      <Filter>Source Files</Filter>
    </ClInclude>
    <ClInclude Include="Sources\unzip.h">
      <Filter>Source Files</Filter>
    </ClInclude>
    <ClInclude Include="Sources\zconf.h">
      <Filter>Source Files</Filter>
    </ClInclude>
    <ClInclude Include="Sources\zconf.in.h">
      <Filter>Source Files</Filter>
    </ClInclude>
    <ClInclude Include="Sources\zip.h">
      <Filter>Source Files</Filter>
    </ClInclude>
    <ClInclude Include="Sources\zlib.h">
      <Filter>Source Files</Filter>
    </ClInclude>
    <ClInclude Include="Sources\zutil.h">
      <Filter>Source Files</Filter>
    </ClInclude>
  </ItemGroup>
</Project>